Microsoft Visual Studio Solution File, Format Version 11.00
# Visual Studio 2008

Project("{B648EF42-AE42-407B-2385-C22B9DE8391A}") = "ARG Spies", "Assembly-CSharp.csproj", "{1D2E010A-8557-CAB0-B4FE-7F14F6A9AF5B}"
EndProject
Project("{B648EF42-AE42-407B-2385-C22B9DE8391A}") = "ARG Spies", "Assembly-CSharp-Editor.csproj", "{0BFADC72-E3E2-3ADE-F71E-FEF7F48D2205}"
EndProject
Global
	GlobalSection(SolutionConfigurationPlatforms) = preSolution
		Debug|Any CPU = Debug|Any CPU
		Release|Any CPU = Release|Any CPU
	EndGlobalSection
	GlobalSection(ProjectConfigurationPlatforms) = postSolution
		{1D2E010A-8557-CAB0-B4FE-7F14F6A9AF5B}.Debug|Any CPU.ActiveCfg = Debug|Any CPU
		{1D2E010A-8557-CAB0-B4FE-7F14F6A9AF5B}.Debug|Any CPU.Build.0 = Debug|Any CPU
		{1D2E010A-8557-CAB0-B4FE-7F14F6A9AF5B}.Release|Any CPU.ActiveCfg = Release|Any CPU
		{1D2E010A-8557-CAB0-B4FE-7F14F6A9AF5B}.Release|Any CPU.Build.0 = Release|Any CPU
		{0BFADC72-E3E2-3ADE-F71E-FEF7F48D2205}.Debug|Any CPU.ActiveCfg = Debug|Any CPU
		{0BFADC72-E3E2-3ADE-F71E-FEF7F48D2205}.Debug|Any CPU.Build.0 = Debug|Any CPU
		{0BFADC72-E3E2-3ADE-F71E-FEF7F48D2205}.Release|Any CPU.ActiveCfg = Release|Any CPU
		{0BFADC72-E3E2-3ADE-F71E-FEF7F48D2205}.Release|Any CPU.Build.0 = Release|Any CPU
	EndGlobalSection
	GlobalSection(SolutionProperties) = preSolution
		HideSolutionNode = FALSE
	EndGlobalSection
	GlobalSection(MonoDevelopProperties) = preSolution
		StartupItem = Assembly-CSharp.csproj
	EndGlobalSection
EndGlobal
