
Microsoft Visual Studio Solution File, Format Version 12.00
# Visual Studio 2015
Project("{FAE04EC0-301F-11D3-BF4B-00C04F79EFBC}") = "ARG-Spies.CSharp", "ARG-Spies.CSharp.csproj", "{63F7F991-0447-1FEC-7068-8512B61A15DB}"
EndProject
Project("{FAE04EC0-301F-11D3-BF4B-00C04F79EFBC}") = "ARG-Spies.CSharp.Editor", "ARG-Spies.CSharp.Editor.csproj", "{DCBF7FFC-D8BA-2AE3-8D1F-E5421E8FA6DC}"
EndProject
Global
	GlobalSection(SolutionConfigurationPlatforms) = preSolution
		Debug|Any CPU = Debug|Any CPU
		Release|Any CPU = Release|Any CPU
	EndGlobalSection
	GlobalSection(ProjectConfigurationPlatforms) = postSolution
		{63F7F991-0447-1FEC-7068-8512B61A15DB}.Debug|Any CPU.ActiveCfg = Debug|Any CPU
		{63F7F991-0447-1FEC-7068-8512B61A15DB}.Debug|Any CPU.Build.0 = Debug|Any CPU
		{63F7F991-0447-1FEC-7068-8512B61A15DB}.Release|Any CPU.ActiveCfg = Release|Any CPU
		{63F7F991-0447-1FEC-7068-8512B61A15DB}.Release|Any CPU.Build.0 = Release|Any CPU
		{DCBF7FFC-D8BA-2AE3-8D1F-E5421E8FA6DC}.Debug|Any CPU.ActiveCfg = Debug|Any CPU
		{DCBF7FFC-D8BA-2AE3-8D1F-E5421E8FA6DC}.Debug|Any CPU.Build.0 = Debug|Any CPU
		{DCBF7FFC-D8BA-2AE3-8D1F-E5421E8FA6DC}.Release|Any CPU.ActiveCfg = Release|Any CPU
		{DCBF7FFC-D8BA-2AE3-8D1F-E5421E8FA6DC}.Release|Any CPU.Build.0 = Release|Any CPU
	EndGlobalSection
	GlobalSection(SolutionProperties) = preSolution
		HideSolutionNode = FALSE
	EndGlobalSection
EndGlobal
